
Microsoft Visual Studio Solution File, Format Version 12.00
# Visual Studio Version 17
VisualStudioVersion = 17.3.32825.248
MinimumVisualStudioVersion = 10.0.40219.1
Project("{FAE04EC0-301F-11D3-BF4B-00C04F79EFBC}") = "Exec_DeclareClass", "Exec_DeclareClass\Exec_DeclareClass.csproj", "{3315D6A3-C75F-4699-9AB9-4E2EC75C898B}"
EndProject
Global
	GlobalSection(SolutionConfigurationPlatforms) = preSolution
		Debug|Any CPU = Debug|Any CPU
		Release|Any CPU = Release|Any CPU
	EndGlobalSection
	GlobalSection(ProjectConfigurationPlatforms) = postSolution
		{3315D6A3-C75F-4699-9AB9-4E2EC75C898B}.Debug|Any CPU.ActiveCfg = Debug|Any CPU
		{3315D6A3-C75F-4699-9AB9-4E2EC75C898B}.Debug|Any CPU.Build.0 = Debug|Any CPU
		{3315D6A3-C75F-4699-9AB9-4E2EC75C898B}.Release|Any CPU.ActiveCfg = Release|Any CPU
		{3315D6A3-C75F-4699-9AB9-4E2EC75C898B}.Release|Any CPU.Build.0 = Release|Any CPU
	EndGlobalSection
	GlobalSection(SolutionProperties) = preSolution
		HideSolutionNode = FALSE
	EndGlobalSection
	GlobalSection(ExtensibilityGlobals) = postSolution
		SolutionGuid = {07125C5D-F1B6-4171-9678-1645E8C4C2E5}
	EndGlobalSection
EndGlobal
